
Microsoft Visual Studio Solution File, Format Version 12.00
# Visual Studio 14
VisualStudioVersion = 14.0.25123.0
MinimumVisualStudioVersion = 10.0.40219.1
Project("{EA55BC7A-970C-453C-B660-ABF75F4CCCBF}") = "Sitecore.Support.131668", "Sitecore.Support.131668\Sitecore.Support.131668.csproj", "{4073A40B-0E00-4014-B4D8-381FFB4166C6}"
EndProject
Global
	GlobalSection(SolutionConfigurationPlatforms) = preSolution
		Debug|Any CPU = Debug|Any CPU
		Release|Any CPU = Release|Any CPU
	EndGlobalSection
	GlobalSection(ProjectConfigurationPlatforms) = postSolution
		{4073A40B-0E00-4014-B4D8-381FFB4166C6}.Debug|Any CPU.ActiveCfg = Debug|Any CPU
		{4073A40B-0E00-4014-B4D8-381FFB4166C6}.Debug|Any CPU.Build.0 = Debug|Any CPU
		{4073A40B-0E00-4014-B4D8-381FFB4166C6}.Release|Any CPU.ActiveCfg = Release|Any CPU
		{4073A40B-0E00-4014-B4D8-381FFB4166C6}.Release|Any CPU.Build.0 = Release|Any CPU
	EndGlobalSection
	GlobalSection(SolutionProperties) = preSolution
		HideSolutionNode = FALSE
	EndGlobalSection
EndGlobal
